
Microsoft Visual Studio Solution File, Format Version 12.00
# Visual Studio 15
VisualStudioVersion = 15.0.27428.2011
MinimumVisualStudioVersion = 10.0.40219.1
Project("{9A19103F-16F7-4668-BE54-9A1E7A4F7556}") = "DependencyTracking.MongoDb", "DependencyTracking.MongoDb\DependencyTracking.MongoDb.csproj", "{A4349538-F9B9-4B8D-AE08-045705D2DF9F}"
EndProject
Project("{FAE04EC0-301F-11D3-BF4B-00C04F79EFBC}") = "DependencyTracking.MongoDb.SampleApp", "DependencyTracking.MongoDb.SampleApp\DependencyTracking.MongoDb.SampleApp.csproj", "{ABEC8674-A5F3-4840-8EB3-F32E2B9DF31A}"
EndProject
Project("{FAE04EC0-301F-11D3-BF4B-00C04F79EFBC}") = "DependencyTracking.MongoDb.SampleWebApp", "DependencyTracking.MongoDb.SampleWebApp\DependencyTracking.MongoDb.SampleWebApp.csproj", "{4DA561AA-5FF2-4A0E-9A50-0D22D57FF3CD}"
EndProject
Global
	GlobalSection(SolutionConfigurationPlatforms) = preSolution
		Debug|Any CPU = Debug|Any CPU
		Release|Any CPU = Release|Any CPU
	EndGlobalSection
	GlobalSection(ProjectConfigurationPlatforms) = postSolution
		{A4349538-F9B9-4B8D-AE08-045705D2DF9F}.Debug|Any CPU.ActiveCfg = Debug|Any CPU
		{A4349538-F9B9-4B8D-AE08-045705D2DF9F}.Debug|Any CPU.Build.0 = Debug|Any CPU
		{A4349538-F9B9-4B8D-AE08-045705D2DF9F}.Release|Any CPU.ActiveCfg = Release|Any CPU
		{A4349538-F9B9-4B8D-AE08-045705D2DF9F}.Release|Any CPU.Build.0 = Release|Any CPU
		{ABEC8674-A5F3-4840-8EB3-F32E2B9DF31A}.Debug|Any CPU.ActiveCfg = Debug|Any CPU
		{ABEC8674-A5F3-4840-8EB3-F32E2B9DF31A}.Debug|Any CPU.Build.0 = Debug|Any CPU
		{ABEC8674-A5F3-4840-8EB3-F32E2B9DF31A}.Release|Any CPU.ActiveCfg = Release|Any CPU
		{ABEC8674-A5F3-4840-8EB3-F32E2B9DF31A}.Release|Any CPU.Build.0 = Release|Any CPU
		{4DA561AA-5FF2-4A0E-9A50-0D22D57FF3CD}.Debug|Any CPU.ActiveCfg = Debug|Any CPU
		{4DA561AA-5FF2-4A0E-9A50-0D22D57FF3CD}.Debug|Any CPU.Build.0 = Debug|Any CPU
		{4DA561AA-5FF2-4A0E-9A50-0D22D57FF3CD}.Release|Any CPU.ActiveCfg = Release|Any CPU
		{4DA561AA-5FF2-4A0E-9A50-0D22D57FF3CD}.Release|Any CPU.Build.0 = Release|Any CPU
	EndGlobalSection
	GlobalSection(SolutionProperties) = preSolution
		HideSolutionNode = FALSE
	EndGlobalSection
	GlobalSection(ExtensibilityGlobals) = postSolution
		SolutionGuid = {3FA15AFB-12E1-46EA-B6F1-D96D8B3305F4}
	EndGlobalSection
EndGlobal
